
Microsoft Visual Studio Solution File, Format Version 12.00
# Visual Studio Version 17
VisualStudioVersion = 17.2.32516.85
MinimumVisualStudioVersion = 10.0.40219.1
Project("{FAE04EC0-301F-11D3-BF4B-00C04F79EFBC}") = "SpaceX Notifier", "Web Scraper\SpaceX Notifier.csproj", "{42FD8813-5B14-454D-B8C2-8097994F4B09}"
EndProject
Global
	GlobalSection(SolutionConfigurationPlatforms) = preSolution
		Debug|Any CPU = Debug|Any CPU
		Release|Any CPU = Release|Any CPU
	EndGlobalSection
	GlobalSection(ProjectConfigurationPlatforms) = postSolution
		{42FD8813-5B14-454D-B8C2-8097994F4B09}.Debug|Any CPU.ActiveCfg = Debug|Any CPU
		{42FD8813-5B14-454D-B8C2-8097994F4B09}.Debug|Any CPU.Build.0 = Debug|Any CPU
		{42FD8813-5B14-454D-B8C2-8097994F4B09}.Release|Any CPU.ActiveCfg = Release|Any CPU
		{42FD8813-5B14-454D-B8C2-8097994F4B09}.Release|Any CPU.Build.0 = Release|Any CPU
	EndGlobalSection
	GlobalSection(SolutionProperties) = preSolution
		HideSolutionNode = FALSE
	EndGlobalSection
	GlobalSection(ExtensibilityGlobals) = postSolution
		SolutionGuid = {5748258E-588F-4D97-8D91-08D6C75815F8}
	EndGlobalSection
EndGlobal
